
Microsoft Visual Studio Solution File, Format Version 12.00
# Visual Studio 15
VisualStudioVersion = 15.0.27130.2027
MinimumVisualStudioVersion = 10.0.40219.1
Project("{FAE04EC0-301F-11D3-BF4B-00C04F79EFBC}") = "DemoExpressions", "DemoExpressions\DemoExpressions.csproj", "{B1C98FF9-45C8-42B6-90D9-51B88DAB54FC}"
EndProject
Project("{FAE04EC0-301F-11D3-BF4B-00C04F79EFBC}") = "ExpressionsDemo", "ExpressionsDemo\ExpressionsDemo.csproj", "{7E513244-297E-4ACD-B621-33DFFCEA80C4}"
EndProject
Global
	GlobalSection(SolutionConfigurationPlatforms) = preSolution
		Debug|Any CPU = Debug|Any CPU
		Release|Any CPU = Release|Any CPU
	EndGlobalSection
	GlobalSection(ProjectConfigurationPlatforms) = postSolution
		{B1C98FF9-45C8-42B6-90D9-51B88DAB54FC}.Debug|Any CPU.ActiveCfg = Debug|Any CPU
		{B1C98FF9-45C8-42B6-90D9-51B88DAB54FC}.Debug|Any CPU.Build.0 = Debug|Any CPU
		{B1C98FF9-45C8-42B6-90D9-51B88DAB54FC}.Release|Any CPU.ActiveCfg = Release|Any CPU
		{B1C98FF9-45C8-42B6-90D9-51B88DAB54FC}.Release|Any CPU.Build.0 = Release|Any CPU
		{7E513244-297E-4ACD-B621-33DFFCEA80C4}.Debug|Any CPU.ActiveCfg = Debug|Any CPU
		{7E513244-297E-4ACD-B621-33DFFCEA80C4}.Debug|Any CPU.Build.0 = Debug|Any CPU
		{7E513244-297E-4ACD-B621-33DFFCEA80C4}.Release|Any CPU.ActiveCfg = Release|Any CPU
		{7E513244-297E-4ACD-B621-33DFFCEA80C4}.Release|Any CPU.Build.0 = Release|Any CPU
	EndGlobalSection
	GlobalSection(SolutionProperties) = preSolution
		HideSolutionNode = FALSE
	EndGlobalSection
	GlobalSection(ExtensibilityGlobals) = postSolution
		SolutionGuid = {E8D47FCA-A4D3-4D04-9C6C-7106E3F0B6E0}
	EndGlobalSection
EndGlobal
